
Microsoft Visual Studio Solution File, Format Version 12.00
# Visual Studio Version 17
VisualStudioVersion = 17.4.33110.190
MinimumVisualStudioVersion = 10.0.40219.1
Project("{FAE04EC0-301F-11D3-BF4B-00C04F79EFBC}") = "CursosAPI", "CursosAPI\CursosAPI.csproj", "{201E9314-9D7A-453F-83DB-11C56CCC68FF}"
EndProject
Global
	GlobalSection(SolutionConfigurationPlatforms) = preSolution
		Debug|Any CPU = Debug|Any CPU
		Release|Any CPU = Release|Any CPU
	EndGlobalSection
	GlobalSection(ProjectConfigurationPlatforms) = postSolution
		{201E9314-9D7A-453F-83DB-11C56CCC68FF}.Debug|Any CPU.ActiveCfg = Debug|Any CPU
		{201E9314-9D7A-453F-83DB-11C56CCC68FF}.Debug|Any CPU.Build.0 = Debug|Any CPU
		{201E9314-9D7A-453F-83DB-11C56CCC68FF}.Release|Any CPU.ActiveCfg = Release|Any CPU
		{201E9314-9D7A-453F-83DB-11C56CCC68FF}.Release|Any CPU.Build.0 = Release|Any CPU
	EndGlobalSection
	GlobalSection(SolutionProperties) = preSolution
		HideSolutionNode = FALSE
	EndGlobalSection
	GlobalSection(ExtensibilityGlobals) = postSolution
		SolutionGuid = {8B8DFD88-CCE5-4D20-BA96-A812B15B2DB5}
	EndGlobalSection
EndGlobal
